
Microsoft Visual Studio Solution File, Format Version 12.00
# Visual Studio 15
VisualStudioVersion = 15.0.28307.1500
MinimumVisualStudioVersion = 10.0.40219.1
Project("{8BC9CEB8-8B4A-11D0-8D11-00A0C91BC942}") = "MyDiary", "MyDiary.vcxproj", "{970D5DA5-C6F0-3499-81C6-24D67A202F0D}"
EndProject
Global
	GlobalSection(SolutionConfigurationPlatforms) = preSolution
		Debug|x64 = Debug|x64
		Release|x64 = Release|x64
	EndGlobalSection
	GlobalSection(ProjectConfigurationPlatforms) = postSolution
		{970D5DA5-C6F0-3499-81C6-24D67A202F0D}.Debug|x64.ActiveCfg = Debug|x64
		{970D5DA5-C6F0-3499-81C6-24D67A202F0D}.Debug|x64.Build.0 = Debug|x64
		{970D5DA5-C6F0-3499-81C6-24D67A202F0D}.Release|x64.ActiveCfg = Release|x64
		{970D5DA5-C6F0-3499-81C6-24D67A202F0D}.Release|x64.Build.0 = Release|x64
	EndGlobalSection
	GlobalSection(SolutionProperties) = preSolution
		HideSolutionNode = FALSE
	EndGlobalSection
	GlobalSection(ExtensibilityGlobals) = postSolution
		SolutionGuid = {7323BCD5-3198-48D6-ADEC-19B992833D00}
	EndGlobalSection
EndGlobal
